
Microsoft Visual Studio Solution File, Format Version 12.00
# Visual Studio 15
VisualStudioVersion = 15.0.26124.0
MinimumVisualStudioVersion = 15.0.26124.0
Project("{FAE04EC0-301F-11D3-BF4B-00C04F79EFBC}") = "GuidClip.Core", "GuidClip.Core\GuidClip.Core.csproj", "{32D1794A-0798-4C09-90FD-76EE94F3384C}"
EndProject
Project("{FAE04EC0-301F-11D3-BF4B-00C04F79EFBC}") = "GuidClip.Core.Tests", "GuidClip.Core.Tests\GuidClip.Core.Tests.csproj", "{64F44FFA-5CEA-4B5D-999C-C048DA23443E}"
EndProject
Project("{FAE04EC0-301F-11D3-BF4B-00C04F79EFBC}") = "GuidClip.Windows", "GuidClip.Windows\GuidClip.Windows.csproj", "{EECFD7E9-DA72-4BD6-BFD1-F54C2B5C6500}"
EndProject
Project("{FAE04EC0-301F-11D3-BF4B-00C04F79EFBC}") = "GuidClip.Linux", "GuidClip.Linux\GuidClip.Linux.csproj", "{20976BFC-92FA-46FB-A145-D0DD6F9BE354}"
EndProject
Global
	GlobalSection(SolutionConfigurationPlatforms) = preSolution
		Debug|Any CPU = Debug|Any CPU
		Debug|x64 = Debug|x64
		Debug|x86 = Debug|x86
		Release|Any CPU = Release|Any CPU
		Release|x64 = Release|x64
		Release|x86 = Release|x86
	EndGlobalSection
	GlobalSection(SolutionProperties) = preSolution
		HideSolutionNode = FALSE
	EndGlobalSection
	GlobalSection(ProjectConfigurationPlatforms) = postSolution
		{32D1794A-0798-4C09-90FD-76EE94F3384C}.Debug|Any CPU.ActiveCfg = Debug|Any CPU
		{32D1794A-0798-4C09-90FD-76EE94F3384C}.Debug|Any CPU.Build.0 = Debug|Any CPU
		{32D1794A-0798-4C09-90FD-76EE94F3384C}.Debug|x64.ActiveCfg = Debug|Any CPU
		{32D1794A-0798-4C09-90FD-76EE94F3384C}.Debug|x64.Build.0 = Debug|Any CPU
		{32D1794A-0798-4C09-90FD-76EE94F3384C}.Debug|x86.ActiveCfg = Debug|Any CPU
		{32D1794A-0798-4C09-90FD-76EE94F3384C}.Debug|x86.Build.0 = Debug|Any CPU
		{32D1794A-0798-4C09-90FD-76EE94F3384C}.Release|Any CPU.ActiveCfg = Release|Any CPU
		{32D1794A-0798-4C09-90FD-76EE94F3384C}.Release|Any CPU.Build.0 = Release|Any CPU
		{32D1794A-0798-4C09-90FD-76EE94F3384C}.Release|x64.ActiveCfg = Release|Any CPU
		{32D1794A-0798-4C09-90FD-76EE94F3384C}.Release|x64.Build.0 = Release|Any CPU
		{32D1794A-0798-4C09-90FD-76EE94F3384C}.Release|x86.ActiveCfg = Release|Any CPU
		{32D1794A-0798-4C09-90FD-76EE94F3384C}.Release|x86.Build.0 = Release|Any CPU
		{64F44FFA-5CEA-4B5D-999C-C048DA23443E}.Debug|Any CPU.ActiveCfg = Debug|Any CPU
		{64F44FFA-5CEA-4B5D-999C-C048DA23443E}.Debug|Any CPU.Build.0 = Debug|Any CPU
		{64F44FFA-5CEA-4B5D-999C-C048DA23443E}.Debug|x64.ActiveCfg = Debug|Any CPU
		{64F44FFA-5CEA-4B5D-999C-C048DA23443E}.Debug|x64.Build.0 = Debug|Any CPU
		{64F44FFA-5CEA-4B5D-999C-C048DA23443E}.Debug|x86.ActiveCfg = Debug|Any CPU
		{64F44FFA-5CEA-4B5D-999C-C048DA23443E}.Debug|x86.Build.0 = Debug|Any CPU
		{64F44FFA-5CEA-4B5D-999C-C048DA23443E}.Release|Any CPU.ActiveCfg = Release|Any CPU
		{64F44FFA-5CEA-4B5D-999C-C048DA23443E}.Release|Any CPU.Build.0 = Release|Any CPU
		{64F44FFA-5CEA-4B5D-999C-C048DA23443E}.Release|x64.ActiveCfg = Release|Any CPU
		{64F44FFA-5CEA-4B5D-999C-C048DA23443E}.Release|x64.Build.0 = Release|Any CPU
		{64F44FFA-5CEA-4B5D-999C-C048DA23443E}.Release|x86.ActiveCfg = Release|Any CPU
		{64F44FFA-5CEA-4B5D-999C-C048DA23443E}.Release|x86.Build.0 = Release|Any CPU
		{EECFD7E9-DA72-4BD6-BFD1-F54C2B5C6500}.Debug|Any CPU.ActiveCfg = Debug|Any CPU
		{EECFD7E9-DA72-4BD6-BFD1-F54C2B5C6500}.Debug|Any CPU.Build.0 = Debug|Any CPU
		{EECFD7E9-DA72-4BD6-BFD1-F54C2B5C6500}.Debug|x64.ActiveCfg = Debug|Any CPU
		{EECFD7E9-DA72-4BD6-BFD1-F54C2B5C6500}.Debug|x64.Build.0 = Debug|Any CPU
		{EECFD7E9-DA72-4BD6-BFD1-F54C2B5C6500}.Debug|x86.ActiveCfg = Debug|Any CPU
		{EECFD7E9-DA72-4BD6-BFD1-F54C2B5C6500}.Debug|x86.Build.0 = Debug|Any CPU
		{EECFD7E9-DA72-4BD6-BFD1-F54C2B5C6500}.Release|Any CPU.ActiveCfg = Release|Any CPU
		{EECFD7E9-DA72-4BD6-BFD1-F54C2B5C6500}.Release|Any CPU.Build.0 = Release|Any CPU
		{EECFD7E9-DA72-4BD6-BFD1-F54C2B5C6500}.Release|x64.ActiveCfg = Release|Any CPU
		{EECFD7E9-DA72-4BD6-BFD1-F54C2B5C6500}.Release|x64.Build.0 = Release|Any CPU
		{EECFD7E9-DA72-4BD6-BFD1-F54C2B5C6500}.Release|x86.ActiveCfg = Release|Any CPU
		{EECFD7E9-DA72-4BD6-BFD1-F54C2B5C6500}.Release|x86.Build.0 = Release|Any CPU
		{20976BFC-92FA-46FB-A145-D0DD6F9BE354}.Debug|Any CPU.ActiveCfg = Debug|Any CPU
		{20976BFC-92FA-46FB-A145-D0DD6F9BE354}.Debug|Any CPU.Build.0 = Debug|Any CPU
		{20976BFC-92FA-46FB-A145-D0DD6F9BE354}.Debug|x64.ActiveCfg = Debug|Any CPU
		{20976BFC-92FA-46FB-A145-D0DD6F9BE354}.Debug|x64.Build.0 = Debug|Any CPU
		{20976BFC-92FA-46FB-A145-D0DD6F9BE354}.Debug|x86.ActiveCfg = Debug|Any CPU
		{20976BFC-92FA-46FB-A145-D0DD6F9BE354}.Debug|x86.Build.0 = Debug|Any CPU
		{20976BFC-92FA-46FB-A145-D0DD6F9BE354}.Release|Any CPU.ActiveCfg = Release|Any CPU
		{20976BFC-92FA-46FB-A145-D0DD6F9BE354}.Release|Any CPU.Build.0 = Release|Any CPU
		{20976BFC-92FA-46FB-A145-D0DD6F9BE354}.Release|x64.ActiveCfg = Release|Any CPU
		{20976BFC-92FA-46FB-A145-D0DD6F9BE354}.Release|x64.Build.0 = Release|Any CPU
		{20976BFC-92FA-46FB-A145-D0DD6F9BE354}.Release|x86.ActiveCfg = Release|Any CPU
		{20976BFC-92FA-46FB-A145-D0DD6F9BE354}.Release|x86.Build.0 = Release|Any CPU
	EndGlobalSection
EndGlobal
